
Microsoft Visual Studio Solution File, Format Version 12.00
# Visual Studio Version 17
VisualStudioVersion = 17.4.33122.133
MinimumVisualStudioVersion = 10.0.40219.1
Project("{2150E333-8FDC-42A3-9474-1A3956D46DE8}") = "src", "src", "{34679CF4-6184-4D7C-A2B8-7B0554F52F47}"
EndProject
Project("{2150E333-8FDC-42A3-9474-1A3956D46DE8}") = "Api", "Api", "{C02E3D8B-CDB9-4191-932C-6F2E2EB37FE9}"
EndProject
Project("{2150E333-8FDC-42A3-9474-1A3956D46DE8}") = "Core", "Core", "{4F0A4D8E-D2AA-42E0-9323-A3303FC04932}"
EndProject
Project("{2150E333-8FDC-42A3-9474-1A3956D46DE8}") = "Infrastructure", "Infrastructure", "{B723B571-5BC6-449D-B41E-ABF58F7204E8}"
EndProject
Project("{2150E333-8FDC-42A3-9474-1A3956D46DE8}") = "WebApi", "WebApi", "{F5BCC414-936F-4377-8E38-B3848D89B12F}"
EndProject
Project("{FAE04EC0-301F-11D3-BF4B-00C04F79EFBC}") = "Api.Domain", "src\Api\Core\Api.Domain\Api.Domain.csproj", "{FD326E50-EA5C-4BF4-A2A5-819DF7C67AD5}"
EndProject
Project("{FAE04EC0-301F-11D3-BF4B-00C04F79EFBC}") = "Api.Application", "src\Api\Core\Api.Application\Api.Application.csproj", "{65A07F3F-0F12-4FCC-A417-5AFDB36E7BF7}"
EndProject
Project("{FAE04EC0-301F-11D3-BF4B-00C04F79EFBC}") = "Infrastructure.Persistence", "src\Api\Infrastructure\Infrastructure.Persistence\Infrastructure.Persistence.csproj", "{F1FE11BC-A494-4381-AE8D-7D89B704D0FD}"
EndProject
Project("{FAE04EC0-301F-11D3-BF4B-00C04F79EFBC}") = "WebApi", "src\Api\WebApi\WebApi\WebApi.csproj", "{ED33767B-2D5E-4D68-B61D-1041A776FC23}"
EndProject
Global
	GlobalSection(SolutionConfigurationPlatforms) = preSolution
		Debug|Any CPU = Debug|Any CPU
		Release|Any CPU = Release|Any CPU
	EndGlobalSection
	GlobalSection(ProjectConfigurationPlatforms) = postSolution
		{FD326E50-EA5C-4BF4-A2A5-819DF7C67AD5}.Debug|Any CPU.ActiveCfg = Debug|Any CPU
		{FD326E50-EA5C-4BF4-A2A5-819DF7C67AD5}.Debug|Any CPU.Build.0 = Debug|Any CPU
		{FD326E50-EA5C-4BF4-A2A5-819DF7C67AD5}.Release|Any CPU.ActiveCfg = Release|Any CPU
		{FD326E50-EA5C-4BF4-A2A5-819DF7C67AD5}.Release|Any CPU.Build.0 = Release|Any CPU
		{65A07F3F-0F12-4FCC-A417-5AFDB36E7BF7}.Debug|Any CPU.ActiveCfg = Debug|Any CPU
		{65A07F3F-0F12-4FCC-A417-5AFDB36E7BF7}.Debug|Any CPU.Build.0 = Debug|Any CPU
		{65A07F3F-0F12-4FCC-A417-5AFDB36E7BF7}.Release|Any CPU.ActiveCfg = Release|Any CPU
		{65A07F3F-0F12-4FCC-A417-5AFDB36E7BF7}.Release|Any CPU.Build.0 = Release|Any CPU
		{F1FE11BC-A494-4381-AE8D-7D89B704D0FD}.Debug|Any CPU.ActiveCfg = Debug|Any CPU
		{F1FE11BC-A494-4381-AE8D-7D89B704D0FD}.Debug|Any CPU.Build.0 = Debug|Any CPU
		{F1FE11BC-A494-4381-AE8D-7D89B704D0FD}.Release|Any CPU.ActiveCfg = Release|Any CPU
		{F1FE11BC-A494-4381-AE8D-7D89B704D0FD}.Release|Any CPU.Build.0 = Release|Any CPU
		{ED33767B-2D5E-4D68-B61D-1041A776FC23}.Debug|Any CPU.ActiveCfg = Debug|Any CPU
		{ED33767B-2D5E-4D68-B61D-1041A776FC23}.Debug|Any CPU.Build.0 = Debug|Any CPU
		{ED33767B-2D5E-4D68-B61D-1041A776FC23}.Release|Any CPU.ActiveCfg = Release|Any CPU
		{ED33767B-2D5E-4D68-B61D-1041A776FC23}.Release|Any CPU.Build.0 = Release|Any CPU
	EndGlobalSection
	GlobalSection(SolutionProperties) = preSolution
		HideSolutionNode = FALSE
	EndGlobalSection
	GlobalSection(NestedProjects) = preSolution
		{C02E3D8B-CDB9-4191-932C-6F2E2EB37FE9} = {34679CF4-6184-4D7C-A2B8-7B0554F52F47}
		{4F0A4D8E-D2AA-42E0-9323-A3303FC04932} = {C02E3D8B-CDB9-4191-932C-6F2E2EB37FE9}
		{B723B571-5BC6-449D-B41E-ABF58F7204E8} = {C02E3D8B-CDB9-4191-932C-6F2E2EB37FE9}
		{F5BCC414-936F-4377-8E38-B3848D89B12F} = {C02E3D8B-CDB9-4191-932C-6F2E2EB37FE9}
		{FD326E50-EA5C-4BF4-A2A5-819DF7C67AD5} = {4F0A4D8E-D2AA-42E0-9323-A3303FC04932}
		{65A07F3F-0F12-4FCC-A417-5AFDB36E7BF7} = {4F0A4D8E-D2AA-42E0-9323-A3303FC04932}
		{F1FE11BC-A494-4381-AE8D-7D89B704D0FD} = {B723B571-5BC6-449D-B41E-ABF58F7204E8}
		{ED33767B-2D5E-4D68-B61D-1041A776FC23} = {F5BCC414-936F-4377-8E38-B3848D89B12F}
	EndGlobalSection
	GlobalSection(ExtensibilityGlobals) = postSolution
		SolutionGuid = {6A3797E4-0385-4FEC-BB42-12FBB2B0EE02}
	EndGlobalSection
EndGlobal
